
Microsoft Visual Studio Solution File, Format Version 12.00
# Visual Studio Version 17
VisualStudioVersion = 17.0.32014.148
MinimumVisualStudioVersion = 10.0.40219.1
Project("{9A19103F-16F7-4668-BE54-9A1E7A4F7556}") = "ReceiptGenerator", "ReceiptGenerator\ReceiptGenerator.csproj", "{38D94C42-A15D-4466-99C3-7DC060AE1214}"
EndProject
Project("{9A19103F-16F7-4668-BE54-9A1E7A4F7556}") = "WebUI", "WebUI\WebUI.csproj", "{CD89A4D9-CD1B-4FDD-A5D6-E755714BBAEF}"
EndProject
Project("{E53339B2-1760-4266-BCC7-CA923CBCF16C}") = "docker-compose", "docker-compose.dcproj", "{D698322C-7013-41F9-A5FE-8A7357F37E8A}"
EndProject
Global
	GlobalSection(SolutionConfigurationPlatforms) = preSolution
		Debug|Any CPU = Debug|Any CPU
		Release|Any CPU = Release|Any CPU
	EndGlobalSection
	GlobalSection(ProjectConfigurationPlatforms) = postSolution
		{38D94C42-A15D-4466-99C3-7DC060AE1214}.Debug|Any CPU.ActiveCfg = Debug|Any CPU
		{38D94C42-A15D-4466-99C3-7DC060AE1214}.Debug|Any CPU.Build.0 = Debug|Any CPU
		{38D94C42-A15D-4466-99C3-7DC060AE1214}.Release|Any CPU.ActiveCfg = Release|Any CPU
		{38D94C42-A15D-4466-99C3-7DC060AE1214}.Release|Any CPU.Build.0 = Release|Any CPU
		{CD89A4D9-CD1B-4FDD-A5D6-E755714BBAEF}.Debug|Any CPU.ActiveCfg = Debug|Any CPU
		{CD89A4D9-CD1B-4FDD-A5D6-E755714BBAEF}.Debug|Any CPU.Build.0 = Debug|Any CPU
		{CD89A4D9-CD1B-4FDD-A5D6-E755714BBAEF}.Release|Any CPU.ActiveCfg = Release|Any CPU
		{CD89A4D9-CD1B-4FDD-A5D6-E755714BBAEF}.Release|Any CPU.Build.0 = Release|Any CPU
		{D698322C-7013-41F9-A5FE-8A7357F37E8A}.Debug|Any CPU.ActiveCfg = Debug|Any CPU
		{D698322C-7013-41F9-A5FE-8A7357F37E8A}.Debug|Any CPU.Build.0 = Debug|Any CPU
		{D698322C-7013-41F9-A5FE-8A7357F37E8A}.Release|Any CPU.ActiveCfg = Release|Any CPU
		{D698322C-7013-41F9-A5FE-8A7357F37E8A}.Release|Any CPU.Build.0 = Release|Any CPU
	EndGlobalSection
	GlobalSection(SolutionProperties) = preSolution
		HideSolutionNode = FALSE
	EndGlobalSection
	GlobalSection(ExtensibilityGlobals) = postSolution
		SolutionGuid = {1AE96DAD-6AF4-4C22-B149-E680B1E7842B}
	EndGlobalSection
EndGlobal
